{
  "name": "app",
  "version": "1.0.0",
  "lockfileVersion": 1,
  "requires": true,
  "dependencies": {
    "add-me-9898": {
      "version": "1.2.1",
      "resolved": "https://registry.npmjs.org/add-me-9898/-/add-me-9898-1.2.1.tgz",
      "integrity": "sha512-men7c9Yp8wE4KXPqbhfbauKAnrLTF3vAI0UtZ7SxBHwZUCO1Aih5NmeGaGaHEardOCsefKkUsscNaLqVtvxzJQ=="
    },
    "expres": {
      "version": "0.0.5",
      "resolved": "https://registry.npmjs.org/expres/-/expres-0.0.5.tgz",
      "integrity": "sha1-v0SEdJ+DkgyxFta69tojAiDR+5w="
    }
  }
}
